// !$*UTF8*$!
{
	archiveVersion = 1;
	classes = {
	};
	objectVersion = 46;
	objects = {

/* Begin PBXBuildFile section */
		B936FBD01CA2A1EB00B86A0B /* cZoom.png in Resources */ = {isa = PBXBuildFile; fileRef = B936FBCD1CA2A1EB00B86A0B /* cZoom.png */; };
		B936FBD11CA2A1EB00B86A0B /* cZoomIn.png in Resources */ = {isa = PBXBuildFile; fileRef = B936FBCE1CA2A1EB00B86A0B /* cZoomIn.png */; };
		B936FBD21CA2A1EB00B86A0B /* cZoomOut.png in Resources */ = {isa = PBXBuildFile; fileRef = B936FBCF1CA2A1EB00B86A0B /* cZoomOut.png */; };
		B93FD59E1C86F85D00B68959 /* zoomIn.png in Resources */ = {isa = PBXBuildFile; fileRef = B93FD59B1C86F85D00B68959 /* zoomIn.png */; };
		B93FD59F1C86F85D00B68959 /* zoomOut.png in Resources */ = {isa = PBXBuildFile; fileRef = B93FD59C1C86F85D00B68959 /* zoomOut.png */; };
		B93FD5A31C8726A500B68959 /* fitToWindow.png in Resources */ = {isa = PBXBuildFile; fileRef = B93FD5A21C8726A500B68959 /* fitToWindow.png */; };
		B9825A731C77838500F7AD4A /* DocWinC.m in Sources */ = {isa = PBXBuildFile; fileRef = B9825A721C77838500F7AD4A /* DocWinC.m */; };
		B9916AA91C8419D700F82641 /* sidebar.png in Resources */ = {isa = PBXBuildFile; fileRef = B9916AA81C8419D700F82641 /* sidebar.png */; };
		B9A095B71C86B21F004C0DFB /* singlePage_off.png in Resources */ = {isa = PBXBuildFile; fileRef = B9A095B51C86B21F004C0DFB /* singlePage_off.png */; };
		B9A095B81C86B21F004C0DFB /* singlePage_on.png in Resources */ = {isa = PBXBuildFile; fileRef = B9A095B61C86B21F004C0DFB /* singlePage_on.png */; };
		B9A095BF1C86B640004C0DFB /* singleCon_off.png in Resources */ = {isa = PBXBuildFile; fileRef = B9A095B91C86B640004C0DFB /* singleCon_off.png */; };
		B9A095C01C86B640004C0DFB /* singleCon_on.png in Resources */ = {isa = PBXBuildFile; fileRef = B9A095BA1C86B640004C0DFB /* singleCon_on.png */; };
		B9A095C11C86B640004C0DFB /* twoCont_off.png in Resources */ = {isa = PBXBuildFile; fileRef = B9A095BB1C86B640004C0DFB /* twoCont_off.png */; };
		B9A095C21C86B640004C0DFB /* twoCont_on.png in Resources */ = {isa = PBXBuildFile; fileRef = B9A095BC1C86B640004C0DFB /* twoCont_on.png */; };
		B9A095C31C86B640004C0DFB /* twoUp_off.png in Resources */ = {isa = PBXBuildFile; fileRef = B9A095BD1C86B640004C0DFB /* twoUp_off.png */; };
		B9A095C41C86B640004C0DFB /* twoUp_on.png in Resources */ = {isa = PBXBuildFile; fileRef = B9A095BE1C86B640004C0DFB /* twoUp_on.png */; };
		B9A095C61C86BA1B004C0DFB /* Cocoa.framework in Frameworks */ = {isa = PBXBuildFile; fileRef = B9A095C51C86BA1B004C0DFB /* Cocoa.framework */; };
		B9A095C81C86BA25004C0DFB /* Foundation.framework in Frameworks */ = {isa = PBXBuildFile; fileRef = B9A095C71C86BA25004C0DFB /* Foundation.framework */; };
		B9A095CA1C86C5E3004C0DFB /* AppKit.framework in Frameworks */ = {isa = PBXBuildFile; fileRef = B9A095C91C86C5E3004C0DFB /* AppKit.framework */; };
		B9A301381C9FD6EB00407100 /* MYOLView.m in Sources */ = {isa = PBXBuildFile; fileRef = B9A301371C9FD6EB00407100 /* MYOLView.m */; };
		B9AD99AF1C771044008C29A4 /* AppDelegate.m in Sources */ = {isa = PBXBuildFile; fileRef = B9AD99AE1C771044008C29A4 /* AppDelegate.m */; };
		B9AD99B21C771044008C29A4 /* main.m in Sources */ = {isa = PBXBuildFile; fileRef = B9AD99B11C771044008C29A4 /* main.m */; };
		B9AD99B51C771044008C29A4 /* Document.m in Sources */ = {isa = PBXBuildFile; fileRef = B9AD99B41C771044008C29A4 /* Document.m */; };
		B9AD99B81C771044008C29A4 /* Document.xib in Resources */ = {isa = PBXBuildFile; fileRef = B9AD99B61C771044008C29A4 /* Document.xib */; };
		B9AD99BA1C771044008C29A4 /* Assets.xcassets in Resources */ = {isa = PBXBuildFile; fileRef = B9AD99B91C771044008C29A4 /* Assets.xcassets */; };
		B9AD99BD1C771044008C29A4 /* MainMenu.xib in Resources */ = {isa = PBXBuildFile; fileRef = B9AD99BB1C771044008C29A4 /* MainMenu.xib */; };
		B9B14C5A1C9A9A43000A5401 /* HandleView.m in Sources */ = {isa = PBXBuildFile; fileRef = B9B14C591C9A9A43000A5401 /* HandleView.m */; };
		B9B8C3791CA1FB4C007008F4 /* selectArea_off.png in Resources */ = {isa = PBXBuildFile; fileRef = B9B8C3751CA1FB4C007008F4 /* selectArea_off.png */; };
		B9B8C37A1CA1FB4C007008F4 /* selectArea_on.png in Resources */ = {isa = PBXBuildFile; fileRef = B9B8C3761CA1FB4C007008F4 /* selectArea_on.png */; };
		B9B8C37B1CA1FB4C007008F4 /* selectText_off.png in Resources */ = {isa = PBXBuildFile; fileRef = B9B8C3771CA1FB4C007008F4 /* selectText_off.png */; };
		B9B8C37C1CA1FB4C007008F4 /* selectText_on.png in Resources */ = {isa = PBXBuildFile; fileRef = B9B8C3781CA1FB4C007008F4 /* selectText_on.png */; };
		B9B8C3831CA226D1007008F4 /* zoom_off.png in Resources */ = {isa = PBXBuildFile; fileRef = B9B8C3811CA226D1007008F4 /* zoom_off.png */; };
		B9B8C3841CA226D1007008F4 /* zoom_on.png in Resources */ = {isa = PBXBuildFile; fileRef = B9B8C3821CA226D1007008F4 /* zoom_on.png */; };
		B9B8C3861CA22A2A007008F4 /* scroll.png in Resources */ = {isa = PBXBuildFile; fileRef = B9B8C3851CA22A2A007008F4 /* scroll.png */; };
		B9B8C38F1CA24EE4007008F4 /* HandScrollView.m in Sources */ = {isa = PBXBuildFile; fileRef = B9B8C38E1CA24EE4007008F4 /* HandScrollView.m */; };
		B9B8C3921CA24F0A007008F4 /* ZoomView.m in Sources */ = {isa = PBXBuildFile; fileRef = B9B8C3911CA24F0A007008F4 /* ZoomView.m */; };
		B9BBD7221C82CEBE006CF6DC /* goBack.png in Resources */ = {isa = PBXBuildFile; fileRef = B9BBD71B1C82CEBE006CF6DC /* goBack.png */; };
		B9BBD7231C82CEBE006CF6DC /* goForward.png in Resources */ = {isa = PBXBuildFile; fileRef = B9BBD71C1C82CEBE006CF6DC /* goForward.png */; };
		B9BBD7241C82CEBE006CF6DC /* goLast.png in Resources */ = {isa = PBXBuildFile; fileRef = B9BBD71D1C82CEBE006CF6DC /* goLast.png */; };
		B9BBD7251C82CEBE006CF6DC /* goNext.png in Resources */ = {isa = PBXBuildFile; fileRef = B9BBD71E1C82CEBE006CF6DC /* goNext.png */; };
		B9BBD7261C82CEBE006CF6DC /* goPrev.png in Resources */ = {isa = PBXBuildFile; fileRef = B9BBD71F1C82CEBE006CF6DC /* goPrev.png */; };
		B9BBD7271C82CEBE006CF6DC /* goTop.png in Resources */ = {isa = PBXBuildFile; fileRef = B9BBD7201C82CEBE006CF6DC /* goTop.png */; };
		B9BBD7281C82CEBE006CF6DC /* vline.png in Resources */ = {isa = PBXBuildFile; fileRef = B9BBD7211C82CEBE006CF6DC /* vline.png */; };
		B9D4FBF41CA0E55C00194CAA /* QuartzCore.framework in Frameworks */ = {isa = PBXBuildFile; fileRef = B9D4FBF31CA0E55C00194CAA /* QuartzCore.framework */; };
		B9D6AEFA1C78CFD900381A32 /* Quartz.framework in Frameworks */ = {isa = PBXBuildFile; fileRef = B9D6AEF91C78CFD900381A32 /* Quartz.framework */; };
		B9D6AF001C78D27E00381A32 /* MyPDFView.m in Sources */ = {isa = PBXBuildFile; fileRef = B9D6AEFF1C78D27E00381A32 /* MyPDFView.m */; };
		B9DBE8B51C8963C10058B92D /* Localizable.strings in Resources */ = {isa = PBXBuildFile; fileRef = B9DBE8B31C8963C00058B92D /* Localizable.strings */; };
		B9F79D091C99A76C00E06911 /* DocInfoPanel.m in Sources */ = {isa = PBXBuildFile; fileRef = B9F79D071C99A76C00E06911 /* DocInfoPanel.m */; };
		B9F79D0A1C99A76C00E06911 /* DocInfoPanel.xib in Resources */ = {isa = PBXBuildFile; fileRef = B9F79D081C99A76C00E06911 /* DocInfoPanel.xib */; };
		B9F79D0E1C99A78900E06911 /* DocTextPanel.m in Sources */ = {isa = PBXBuildFile; fileRef = B9F79D0C1C99A78900E06911 /* DocTextPanel.m */; };
		B9F79D0F1C99A78900E06911 /* DocTextPanel.xib in Resources */ = {isa = PBXBuildFile; fileRef = B9F79D0D1C99A78900E06911 /* DocTextPanel.xib */; };
		B9F961D81C8AB00B0034A940 /* OLController.m in Sources */ = {isa = PBXBuildFile; fileRef = B9F961D71C8AB00B0034A940 /* OLController.m */; };
/* End PBXBuildFile section */

/* Begin PBXFileReference section */
		B936FBCD1CA2A1EB00B86A0B /* cZoom.png */ = {isa = PBXFileReference; lastKnownFileType = image.png; name = cZoom.png; path = Graphics/cZoom.png; sourceTree = "<group>"; };
		B936FBCE1CA2A1EB00B86A0B /* cZoomIn.png */ = {isa = PBXFileReference; lastKnownFileType = image.png; name = cZoomIn.png; path = Graphics/cZoomIn.png; sourceTree = "<group>"; };
		B936FBCF1CA2A1EB00B86A0B /* cZoomOut.png */ = {isa = PBXFileReference; lastKnownFileType = image.png; name = cZoomOut.png; path = Graphics/cZoomOut.png; sourceTree = "<group>"; };
		B93FD59B1C86F85D00B68959 /* zoomIn.png */ = {isa = PBXFileReference; lastKnownFileType = image.png; name = zoomIn.png; path = Graphics/zoomIn.png; sourceTree = "<group>"; };
		B93FD59C1C86F85D00B68959 /* zoomOut.png */ = {isa = PBXFileReference; lastKnownFileType = image.png; name = zoomOut.png; path = Graphics/zoomOut.png; sourceTree = "<group>"; };
		B93FD5A21C8726A500B68959 /* fitToWindow.png */ = {isa = PBXFileReference; lastKnownFileType = image.png; name = fitToWindow.png; path = Graphics/fitToWindow.png; sourceTree = "<group>"; };
		B9825A711C77838500F7AD4A /* DocWinC.h */ = {isa = PBXFileReference; fileEncoding = 4; lastKnownFileType = sourcecode.c.h; path = DocWinC.h; sourceTree = "<group>"; };
		B9825A721C77838500F7AD4A /* DocWinC.m */ = {isa = PBXFileReference; fileEncoding = 4; lastKnownFileType = sourcecode.c.objc; path = DocWinC.m; sourceTree = "<group>"; };
		B9916AA81C8419D700F82641 /* sidebar.png */ = {isa = PBXFileReference; lastKnownFileType = image.png; name = sidebar.png; path = Graphics/sidebar.png; sourceTree = "<group>"; };
		B9A095B51C86B21F004C0DFB /* singlePage_off.png */ = {isa = PBXFileReference; lastKnownFileType = image.png; name = singlePage_off.png; path = Graphics/singlePage_off.png; sourceTree = "<group>"; };
		B9A095B61C86B21F004C0DFB /* singlePage_on.png */ = {isa = PBXFileReference; lastKnownFileType = image.png; name = singlePage_on.png; path = Graphics/singlePage_on.png; sourceTree = "<group>"; };
		B9A095B91C86B640004C0DFB /* singleCon_off.png */ = {isa = PBXFileReference; lastKnownFileType = image.png; name = singleCon_off.png; path = Graphics/singleCon_off.png; sourceTree = "<group>"; };
		B9A095BA1C86B640004C0DFB /* singleCon_on.png */ = {isa = PBXFileReference; lastKnownFileType = image.png; name = singleCon_on.png; path = Graphics/singleCon_on.png; sourceTree = "<group>"; };
		B9A095BB1C86B640004C0DFB /* twoCont_off.png */ = {isa = PBXFileReference; lastKnownFileType = image.png; name = twoCont_off.png; path = Graphics/twoCont_off.png; sourceTree = "<group>"; };
		B9A095BC1C86B640004C0DFB /* twoCont_on.png */ = {isa = PBXFileReference; lastKnownFileType = image.png; name = twoCont_on.png; path = Graphics/twoCont_on.png; sourceTree = "<group>"; };
		B9A095BD1C86B640004C0DFB /* twoUp_off.png */ = {isa = PBXFileReference; lastKnownFileType = image.png; name = twoUp_off.png; path = Graphics/twoUp_off.png; sourceTree = "<group>"; };
		B9A095BE1C86B640004C0DFB /* twoUp_on.png */ = {isa = PBXFileReference; lastKnownFileType = image.png; name = twoUp_on.png; path = Graphics/twoUp_on.png; sourceTree = "<group>"; };
		B9A095C51C86BA1B004C0DFB /* Cocoa.framework */ = {isa = PBXFileReference; lastKnownFileType = wrapper.framework; name = Cocoa.framework; path = System/Library/Frameworks/Cocoa.framework; sourceTree = SDKROOT; };
		B9A095C71C86BA25004C0DFB /* Foundation.framework */ = {isa = PBXFileReference; lastKnownFileType = wrapper.framework; name = Foundation.framework; path = System/Library/Frameworks/Foundation.framework; sourceTree = SDKROOT; };
		B9A095C91C86C5E3004C0DFB /* AppKit.framework */ = {isa = PBXFileReference; lastKnownFileType = wrapper.framework; name = AppKit.framework; path = System/Library/Frameworks/AppKit.framework; sourceTree = SDKROOT; };
		B9A301361C9FD6EB00407100 /* MYOLView.h */ = {isa = PBXFileReference; fileEncoding = 4; lastKnownFileType = sourcecode.c.h; path = MYOLView.h; sourceTree = "<group>"; };
		B9A301371C9FD6EB00407100 /* MYOLView.m */ = {isa = PBXFileReference; fileEncoding = 4; lastKnownFileType = sourcecode.c.objc; path = MYOLView.m; sourceTree = "<group>"; };
		B9AD99AA1C771044008C29A4 /* Document-based2.app */ = {isa = PBXFileReference; explicitFileType = wrapper.application; includeInIndex = 0; path = "Document-based2.app"; sourceTree = BUILT_PRODUCTS_DIR; };
		B9AD99AD1C771044008C29A4 /* AppDelegate.h */ = {isa = PBXFileReference; lastKnownFileType = sourcecode.c.h; path = AppDelegate.h; sourceTree = "<group>"; };
		B9AD99AE1C771044008C29A4 /* AppDelegate.m */ = {isa = PBXFileReference; lastKnownFileType = sourcecode.c.objc; path = AppDelegate.m; sourceTree = "<group>"; };
		B9AD99B11C771044008C29A4 /* main.m */ = {isa = PBXFileReference; lastKnownFileType = sourcecode.c.objc; path = main.m; sourceTree = "<group>"; };
		B9AD99B31C771044008C29A4 /* Document.h */ = {isa = PBXFileReference; lastKnownFileType = sourcecode.c.h; path = Document.h; sourceTree = "<group>"; };
		B9AD99B41C771044008C29A4 /* Document.m */ = {isa = PBXFileReference; lastKnownFileType = sourcecode.c.objc; path = Document.m; sourceTree = "<group>"; };
		B9AD99B71C771044008C29A4 /* Base */ = {isa = PBXFileReference; lastKnownFileType = file.xib; name = Base; path = Base.lproj/Document.xib; sourceTree = "<group>"; };
		B9AD99B91C771044008C29A4 /* Assets.xcassets */ = {isa = PBXFileReference; lastKnownFileType = folder.assetcatalog; path = Assets.xcassets; sourceTree = "<group>"; };
		B9AD99BC1C771044008C29A4 /* Base */ = {isa = PBXFileReference; lastKnownFileType = file.xib; name = Base; path = Base.lproj/MainMenu.xib; sourceTree = "<group>"; };
		B9AD99BE1C771044008C29A4 /* Info.plist */ = {isa = PBXFileReference; lastKnownFileType = text.plist.xml; path = Info.plist; sourceTree = "<group>"; };
		B9B14C581C9A9A42000A5401 /* HandleView.h */ = {isa = PBXFileReference; fileEncoding = 4; lastKnownFileType = sourcecode.c.h; path = HandleView.h; sourceTree = "<group>"; };
		B9B14C591C9A9A43000A5401 /* HandleView.m */ = {isa = PBXFileReference; fileEncoding = 4; lastKnownFileType = sourcecode.c.objc; path = HandleView.m; sourceTree = "<group>"; };
		B9B8C3751CA1FB4C007008F4 /* selectArea_off.png */ = {isa = PBXFileReference; lastKnownFileType = image.png; name = selectArea_off.png; path = Graphics/selectArea_off.png; sourceTree = "<group>"; };
		B9B8C3761CA1FB4C007008F4 /* selectArea_on.png */ = {isa = PBXFileReference; lastKnownFileType = image.png; name = selectArea_on.png; path = Graphics/selectArea_on.png; sourceTree = "<group>"; };
		B9B8C3771CA1FB4C007008F4 /* selectText_off.png */ = {isa = PBXFileReference; lastKnownFileType = image.png; name = selectText_off.png; path = Graphics/selectText_off.png; sourceTree = "<group>"; };
		B9B8C3781CA1FB4C007008F4 /* selectText_on.png */ = {isa = PBXFileReference; lastKnownFileType = image.png; name = selectText_on.png; path = Graphics/selectText_on.png; sourceTree = "<group>"; };
		B9B8C3811CA226D1007008F4 /* zoom_off.png */ = {isa = PBXFileReference; lastKnownFileType = image.png; name = zoom_off.png; path = Graphics/zoom_off.png; sourceTree = "<group>"; };
		B9B8C3821CA226D1007008F4 /* zoom_on.png */ = {isa = PBXFileReference; lastKnownFileType = image.png; name = zoom_on.png; path = Graphics/zoom_on.png; sourceTree = "<group>"; };
		B9B8C3851CA22A2A007008F4 /* scroll.png */ = {isa = PBXFileReference; lastKnownFileType = image.png; name = scroll.png; path = Graphics/scroll.png; sourceTree = "<group>"; };
		B9B8C38D1CA24EE4007008F4 /* HandScrollView.h */ = {isa = PBXFileReference; fileEncoding = 4; lastKnownFileType = sourcecode.c.h; path = HandScrollView.h; sourceTree = "<group>"; };
		B9B8C38E1CA24EE4007008F4 /* HandScrollView.m */ = {isa = PBXFileReference; fileEncoding = 4; lastKnownFileType = sourcecode.c.objc; path = HandScrollView.m; sourceTree = "<group>"; };
		B9B8C3901CA24F0A007008F4 /* ZoomView.h */ = {isa = PBXFileReference; fileEncoding = 4; lastKnownFileType = sourcecode.c.h; path = ZoomView.h; sourceTree = "<group>"; };
		B9B8C3911CA24F0A007008F4 /* ZoomView.m */ = {isa = PBXFileReference; fileEncoding = 4; lastKnownFileType = sourcecode.c.objc; path = ZoomView.m; sourceTree = "<group>"; };
		B9BBD71B1C82CEBE006CF6DC /* goBack.png */ = {isa = PBXFileReference; lastKnownFileType = image.png; name = goBack.png; path = Graphics/goBack.png; sourceTree = "<group>"; };
		B9BBD71C1C82CEBE006CF6DC /* goForward.png */ = {isa = PBXFileReference; lastKnownFileType = image.png; name = goForward.png; path = Graphics/goForward.png; sourceTree = "<group>"; };
		B9BBD71D1C82CEBE006CF6DC /* goLast.png */ = {isa = PBXFileReference; lastKnownFileType = image.png; name = goLast.png; path = Graphics/goLast.png; sourceTree = "<group>"; };
		B9BBD71E1C82CEBE006CF6DC /* goNext.png */ = {isa = PBXFileReference; lastKnownFileType = image.png; name = goNext.png; path = Graphics/goNext.png; sourceTree = "<group>"; };
		B9BBD71F1C82CEBE006CF6DC /* goPrev.png */ = {isa = PBXFileReference; lastKnownFileType = image.png; name = goPrev.png; path = Graphics/goPrev.png; sourceTree = "<group>"; };
		B9BBD7201C82CEBE006CF6DC /* goTop.png */ = {isa = PBXFileReference; lastKnownFileType = image.png; name = goTop.png; path = Graphics/goTop.png; sourceTree = "<group>"; };
		B9BBD7211C82CEBE006CF6DC /* vline.png */ = {isa = PBXFileReference; lastKnownFileType = image.png; name = vline.png; path = Graphics/vline.png; sourceTree = "<group>"; };
		B9D4FBF31CA0E55C00194CAA /* QuartzCore.framework */ = {isa = PBXFileReference; lastKnownFileType = wrapper.framework; name = QuartzCore.framework; path = System/Library/Frameworks/QuartzCore.framework; sourceTree = SDKROOT; };
		B9D6AEF91C78CFD900381A32 /* Quartz.framework */ = {isa = PBXFileReference; lastKnownFileType = wrapper.framework; name = Quartz.framework; path = System/Library/Frameworks/Quartz.framework; sourceTree = SDKROOT; };
		B9D6AEFE1C78D27E00381A32 /* MyPDFView.h */ = {isa = PBXFileReference; fileEncoding = 4; lastKnownFileType = sourcecode.c.h; path = MyPDFView.h; sourceTree = "<group>"; };
		B9D6AEFF1C78D27E00381A32 /* MyPDFView.m */ = {isa = PBXFileReference; fileEncoding = 4; lastKnownFileType = sourcecode.c.objc; path = MyPDFView.m; sourceTree = "<group>"; };
		B9DBE8B41C8963C10058B92D /* Base */ = {isa = PBXFileReference; lastKnownFileType = text.plist.strings; name = Base; path = Base.lproj/Localizable.strings; sourceTree = "<group>"; };
		B9DBE8B61C8963C90058B92D /* ja */ = {isa = PBXFileReference; lastKnownFileType = text.plist.strings; name = ja; path = ja.lproj/Localizable.strings; sourceTree = "<group>"; };
		B9E21BE51C7AF86E004DDB0F /* ja */ = {isa = PBXFileReference; lastKnownFileType = text.plist.strings; name = ja; path = ja.lproj/MainMenu.strings; sourceTree = "<group>"; };
		B9E21BE61C7AF86E004DDB0F /* ja */ = {isa = PBXFileReference; lastKnownFileType = text.plist.strings; name = ja; path = ja.lproj/Document.strings; sourceTree = "<group>"; };
		B9F79D061C99A76C00E06911 /* DocInfoPanel.h */ = {isa = PBXFileReference; fileEncoding = 4; lastKnownFileType = sourcecode.c.h; path = DocInfoPanel.h; sourceTree = "<group>"; };
		B9F79D071C99A76C00E06911 /* DocInfoPanel.m */ = {isa = PBXFileReference; fileEncoding = 4; lastKnownFileType = sourcecode.c.objc; path = DocInfoPanel.m; sourceTree = "<group>"; };
		B9F79D081C99A76C00E06911 /* DocInfoPanel.xib */ = {isa = PBXFileReference; fileEncoding = 4; lastKnownFileType = file.xib; path = DocInfoPanel.xib; sourceTree = "<group>"; };
		B9F79D0B1C99A78900E06911 /* DocTextPanel.h */ = {isa = PBXFileReference; fileEncoding = 4; lastKnownFileType = sourcecode.c.h; path = DocTextPanel.h; sourceTree = "<group>"; };
		B9F79D0C1C99A78900E06911 /* DocTextPanel.m */ = {isa = PBXFileReference; fileEncoding = 4; lastKnownFileType = sourcecode.c.objc; path = DocTextPanel.m; sourceTree = "<group>"; };
		B9F79D0D1C99A78900E06911 /* DocTextPanel.xib */ = {isa = PBXFileReference; fileEncoding = 4; lastKnownFileType = file.xib; path = DocTextPanel.xib; sourceTree = "<group>"; };
		B9F961D61C8AB00B0034A940 /* OLController.h */ = {isa = PBXFileReference; fileEncoding = 4; lastKnownFileType = sourcecode.c.h; path = OLController.h; sourceTree = "<group>"; };
		B9F961D71C8AB00B0034A940 /* OLController.m */ = {isa = PBXFileReference; fileEncoding = 4; lastKnownFileType = sourcecode.c.objc; path = OLController.m; sourceTree = "<group>"; };
/* End PBXFileReference section */

/* Begin PBXFrameworksBuildPhase section */
		B9AD99A71C771043008C29A4 /* Frameworks */ = {
			isa = PBXFrameworksBuildPhase;
			buildActionMask = 2147483647;
			files = (
				B9D4FBF41CA0E55C00194CAA /* QuartzCore.framework in Frameworks */,
				B9A095CA1C86C5E3004C0DFB /* AppKit.framework in Frameworks */,
				B9A095C81C86BA25004C0DFB /* Foundation.framework in Frameworks */,
				B9A095C61C86BA1B004C0DFB /* Cocoa.framework in Frameworks */,
				B9D6AEFA1C78CFD900381A32 /* Quartz.framework in Frameworks */,
			);
			runOnlyForDeploymentPostprocessing = 0;
		};
/* End PBXFrameworksBuildPhase section */

/* Begin PBXGroup section */
		B9AD99A11C771043008C29A4 = {
			isa = PBXGroup;
			children = (
				B9AD99AC1C771044008C29A4 /* Document-based2 */,
				B9D6AEF81C78CDE500381A32 /* Frameworks */,
				B9AD99AB1C771044008C29A4 /* Products */,
			);
			sourceTree = "<group>";
		};
		B9AD99AB1C771044008C29A4 /* Products */ = {
			isa = PBXGroup;
			children = (
				B9AD99AA1C771044008C29A4 /* Document-based2.app */,
			);
			name = Products;
			sourceTree = "<group>";
		};
		B9AD99AC1C771044008C29A4 /* Document-based2 */ = {
			isa = PBXGroup;
			children = (
				B9AD99AD1C771044008C29A4 /* AppDelegate.h */,
				B9AD99AE1C771044008C29A4 /* AppDelegate.m */,
				B9AD99BB1C771044008C29A4 /* MainMenu.xib */,
				B9AD99B91C771044008C29A4 /* Assets.xcassets */,
				B9E21BE41C7A759F004DDB0F /* Document */,
				B9F79D051C99A70C00E06911 /* DocInfoPanel */,
				B9F79D041C99A70600E06911 /* DocTextPanel */,
				B9BBD71A1C82CE2D006CF6DC /* Graphics */,
				B9AD99B01C771044008C29A4 /* Supporting Files */,
			);
			path = "Document-based2";
			sourceTree = "<group>";
		};
		B9AD99B01C771044008C29A4 /* Supporting Files */ = {
			isa = PBXGroup;
			children = (
				B9AD99BE1C771044008C29A4 /* Info.plist */,
				B9AD99B11C771044008C29A4 /* main.m */,
				B9DBE8B31C8963C00058B92D /* Localizable.strings */,
			);
			name = "Supporting Files";
			sourceTree = "<group>";
		};
		B9BBD71A1C82CE2D006CF6DC /* Graphics */ = {
			isa = PBXGroup;
			children = (
				B936FBCD1CA2A1EB00B86A0B /* cZoom.png */,
				B936FBCE1CA2A1EB00B86A0B /* cZoomIn.png */,
				B936FBCF1CA2A1EB00B86A0B /* cZoomOut.png */,
				B9B8C3851CA22A2A007008F4 /* scroll.png */,
				B9B8C3811CA226D1007008F4 /* zoom_off.png */,
				B9B8C3821CA226D1007008F4 /* zoom_on.png */,
				B9B8C3751CA1FB4C007008F4 /* selectArea_off.png */,
				B9B8C3761CA1FB4C007008F4 /* selectArea_on.png */,
				B9B8C3771CA1FB4C007008F4 /* selectText_off.png */,
				B9B8C3781CA1FB4C007008F4 /* selectText_on.png */,
				B93FD5A21C8726A500B68959 /* fitToWindow.png */,
				B93FD59B1C86F85D00B68959 /* zoomIn.png */,
				B93FD59C1C86F85D00B68959 /* zoomOut.png */,
				B9A095B91C86B640004C0DFB /* singleCon_off.png */,
				B9A095BA1C86B640004C0DFB /* singleCon_on.png */,
				B9A095BB1C86B640004C0DFB /* twoCont_off.png */,
				B9A095BC1C86B640004C0DFB /* twoCont_on.png */,
				B9A095BD1C86B640004C0DFB /* twoUp_off.png */,
				B9A095BE1C86B640004C0DFB /* twoUp_on.png */,
				B9A095B51C86B21F004C0DFB /* singlePage_off.png */,
				B9A095B61C86B21F004C0DFB /* singlePage_on.png */,
				B9916AA81C8419D700F82641 /* sidebar.png */,
				B9BBD71B1C82CEBE006CF6DC /* goBack.png */,
				B9BBD71C1C82CEBE006CF6DC /* goForward.png */,
				B9BBD71D1C82CEBE006CF6DC /* goLast.png */,
				B9BBD71E1C82CEBE006CF6DC /* goNext.png */,
				B9BBD71F1C82CEBE006CF6DC /* goPrev.png */,
				B9BBD7201C82CEBE006CF6DC /* goTop.png */,
				B9BBD7211C82CEBE006CF6DC /* vline.png */,
			);
			name = Graphics;
			sourceTree = "<group>";
		};
		B9D6AEF81C78CDE500381A32 /* Frameworks */ = {
			isa = PBXGroup;
			children = (
				B9D4FBF31CA0E55C00194CAA /* QuartzCore.framework */,
				B9A095C91C86C5E3004C0DFB /* AppKit.framework */,
				B9A095C71C86BA25004C0DFB /* Foundation.framework */,
				B9A095C51C86BA1B004C0DFB /* Cocoa.framework */,
				B9D6AEF91C78CFD900381A32 /* Quartz.framework */,
			);
			name = Frameworks;
			path = "Document-based2";
			sourceTree = "<group>";
		};
		B9E21BE41C7A759F004DDB0F /* Document */ = {
			isa = PBXGroup;
			children = (
				B9AD99B61C771044008C29A4 /* Document.xib */,
				B9AD99B31C771044008C29A4 /* Document.h */,
				B9AD99B41C771044008C29A4 /* Document.m */,
				B9825A711C77838500F7AD4A /* DocWinC.h */,
				B9825A721C77838500F7AD4A /* DocWinC.m */,
				B9F961D61C8AB00B0034A940 /* OLController.h */,
				B9F961D71C8AB00B0034A940 /* OLController.m */,
				B9A301361C9FD6EB00407100 /* MYOLView.h */,
				B9A301371C9FD6EB00407100 /* MYOLView.m */,
				B9D6AEFE1C78D27E00381A32 /* MyPDFView.h */,
				B9D6AEFF1C78D27E00381A32 /* MyPDFView.m */,
				B9B14C581C9A9A42000A5401 /* HandleView.h */,
				B9B14C591C9A9A43000A5401 /* HandleView.m */,
				B9B8C38D1CA24EE4007008F4 /* HandScrollView.h */,
				B9B8C38E1CA24EE4007008F4 /* HandScrollView.m */,
				B9B8C3901CA24F0A007008F4 /* ZoomView.h */,
				B9B8C3911CA24F0A007008F4 /* ZoomView.m */,
			);
			name = Document;
			sourceTree = "<group>";
		};
		B9F79D041C99A70600E06911 /* DocTextPanel */ = {
			isa = PBXGroup;
			children = (
				B9F79D0D1C99A78900E06911 /* DocTextPanel.xib */,
				B9F79D0B1C99A78900E06911 /* DocTextPanel.h */,
				B9F79D0C1C99A78900E06911 /* DocTextPanel.m */,
			);
			name = DocTextPanel;
			sourceTree = "<group>";
		};
		B9F79D051C99A70C00E06911 /* DocInfoPanel */ = {
			isa = PBXGroup;
			children = (
				B9F79D081C99A76C00E06911 /* DocInfoPanel.xib */,
				B9F79D061C99A76C00E06911 /* DocInfoPanel.h */,
				B9F79D071C99A76C00E06911 /* DocInfoPanel.m */,
			);
			name = DocInfoPanel;
			sourceTree = "<group>";
		};
/* End PBXGroup section */

/* Begin PBXNativeTarget section */
		B9AD99A91C771043008C29A4 /* Document-based2 */ = {
			isa = PBXNativeTarget;
			buildConfigurationList = B9AD99C11C771044008C29A4 /* Build configuration list for PBXNativeTarget "Document-based2" */;
			buildPhases = (
				B9AD99A61C771043008C29A4 /* Sources */,
				B9AD99A71C771043008C29A4 /* Frameworks */,
				B9AD99A81C771043008C29A4 /* Resources */,
			);
			buildRules = (
			);
			dependencies = (
			);
			name = "Document-based2";
			productName = "Document-based2";
			productReference = B9AD99AA1C771044008C29A4 /* Document-based2.app */;
			productType = "com.apple.product-type.application";
		};
/* End PBXNativeTarget section */

/* Begin PBXProject section */
		B9AD99A21C771043008C29A4 /* Project object */ = {
			isa = PBXProject;
			attributes = {
				LastUpgradeCheck = 0720;
				ORGANIZATIONNAME = "河野 さおり";
				TargetAttributes = {
					B9AD99A91C771043008C29A4 = {
						CreatedOnToolsVersion = 7.2.1;
					};
				};
			};
			buildConfigurationList = B9AD99A51C771043008C29A4 /* Build configuration list for PBXProject "Document-based2" */;
			compatibilityVersion = "Xcode 3.2";
			developmentRegion = English;
			hasScannedForEncodings = 0;
			knownRegions = (
				en,
				Base,
				ja,
			);
			mainGroup = B9AD99A11C771043008C29A4;
			productRefGroup = B9AD99AB1C771044008C29A4 /* Products */;
			projectDirPath = "";
			projectRoot = "";
			targets = (
				B9AD99A91C771043008C29A4 /* Document-based2 */,
			);
		};
/* End PBXProject section */

/* Begin PBXResourcesBuildPhase section */
		B9AD99A81C771043008C29A4 /* Resources */ = {
			isa = PBXResourcesBuildPhase;
			buildActionMask = 2147483647;
			files = (
				B9A095C01C86B640004C0DFB /* singleCon_on.png in Resources */,
				B9BBD7261C82CEBE006CF6DC /* goPrev.png in Resources */,
				B9BBD7221C82CEBE006CF6DC /* goBack.png in Resources */,
				B936FBD21CA2A1EB00B86A0B /* cZoomOut.png in Resources */,
				B9A095B71C86B21F004C0DFB /* singlePage_off.png in Resources */,
				B9A095B81C86B21F004C0DFB /* singlePage_on.png in Resources */,
				B9BBD7251C82CEBE006CF6DC /* goNext.png in Resources */,
				B9BBD7271C82CEBE006CF6DC /* goTop.png in Resources */,
				B9A095C41C86B640004C0DFB /* twoUp_on.png in Resources */,
				B9BBD7241C82CEBE006CF6DC /* goLast.png in Resources */,
				B9B8C37A1CA1FB4C007008F4 /* selectArea_on.png in Resources */,
				B9AD99BA1C771044008C29A4 /* Assets.xcassets in Resources */,
				B93FD59E1C86F85D00B68959 /* zoomIn.png in Resources */,
				B9B8C3861CA22A2A007008F4 /* scroll.png in Resources */,
				B9A095C31C86B640004C0DFB /* twoUp_off.png in Resources */,
				B9BBD7231C82CEBE006CF6DC /* goForward.png in Resources */,
				B936FBD11CA2A1EB00B86A0B /* cZoomIn.png in Resources */,
				B9F79D0A1C99A76C00E06911 /* DocInfoPanel.xib in Resources */,
				B936FBD01CA2A1EB00B86A0B /* cZoom.png in Resources */,
				B9B8C37C1CA1FB4C007008F4 /* selectText_on.png in Resources */,
				B9DBE8B51C8963C10058B92D /* Localizable.strings in Resources */,
				B9A095C21C86B640004C0DFB /* twoCont_on.png in Resources */,
				B93FD5A31C8726A500B68959 /* fitToWindow.png in Resources */,
				B9B8C37B1CA1FB4C007008F4 /* selectText_off.png in Resources */,
				B9A095C11C86B640004C0DFB /* twoCont_off.png in Resources */,
				B93FD59F1C86F85D00B68959 /* zoomOut.png in Resources */,
				B9916AA91C8419D700F82641 /* sidebar.png in Resources */,
				B9B8C3841CA226D1007008F4 /* zoom_on.png in Resources */,
				B9A095BF1C86B640004C0DFB /* singleCon_off.png in Resources */,
				B9AD99B81C771044008C29A4 /* Document.xib in Resources */,
				B9B8C3791CA1FB4C007008F4 /* selectArea_off.png in Resources */,
				B9BBD7281C82CEBE006CF6DC /* vline.png in Resources */,
				B9F79D0F1C99A78900E06911 /* DocTextPanel.xib in Resources */,
				B9B8C3831CA226D1007008F4 /* zoom_off.png in Resources */,
				B9AD99BD1C771044008C29A4 /* MainMenu.xib in Resources */,
			);
			runOnlyForDeploymentPostprocessing = 0;
		};
/* End PBXResourcesBuildPhase section */

/* Begin PBXSourcesBuildPhase section */
		B9AD99A61C771043008C29A4 /* Sources */ = {
			isa = PBXSourcesBuildPhase;
			buildActionMask = 2147483647;
			files = (
				B9D6AF001C78D27E00381A32 /* MyPDFView.m in Sources */,
				B9B8C38F1CA24EE4007008F4 /* HandScrollView.m in Sources */,
				B9AD99B51C771044008C29A4 /* Document.m in Sources */,
				B9B14C5A1C9A9A43000A5401 /* HandleView.m in Sources */,
				B9F79D091C99A76C00E06911 /* DocInfoPanel.m in Sources */,
				B9AD99B21C771044008C29A4 /* main.m in Sources */,
				B9F79D0E1C99A78900E06911 /* DocTextPanel.m in Sources */,
				B9B8C3921CA24F0A007008F4 /* ZoomView.m in Sources */,
				B9AD99AF1C771044008C29A4 /* AppDelegate.m in Sources */,
				B9A301381C9FD6EB00407100 /* MYOLView.m in Sources */,
				B9F961D81C8AB00B0034A940 /* OLController.m in Sources */,
				B9825A731C77838500F7AD4A /* DocWinC.m in Sources */,
			);
			runOnlyForDeploymentPostprocessing = 0;
		};
/* End PBXSourcesBuildPhase section */

/* Begin PBXVariantGroup section */
		B9AD99B61C771044008C29A4 /* Document.xib */ = {
			isa = PBXVariantGroup;
			children = (
				B9AD99B71C771044008C29A4 /* Base */,
				B9E21BE61C7AF86E004DDB0F /* ja */,
			);
			name = Document.xib;
			sourceTree = "<group>";
		};
		B9AD99BB1C771044008C29A4 /* MainMenu.xib */ = {
			isa = PBXVariantGroup;
			children = (
				B9AD99BC1C771044008C29A4 /* Base */,
				B9E21BE51C7AF86E004DDB0F /* ja */,
			);
			name = MainMenu.xib;
			sourceTree = "<group>";
		};
		B9DBE8B31C8963C00058B92D /* Localizable.strings */ = {
			isa = PBXVariantGroup;
			children = (
				B9DBE8B41C8963C10058B92D /* Base */,
				B9DBE8B61C8963C90058B92D /* ja */,
			);
			name = Localizable.strings;
			sourceTree = "<group>";
		};
/* End PBXVariantGroup section */

/* Begin XCBuildConfiguration section */
		B9AD99BF1C771044008C29A4 /* Debug */ = {
			isa = XCBuildConfiguration;
			buildSettings = {
				ALWAYS_SEARCH_USER_PATHS = NO;
				CLANG_CXX_LANGUAGE_STANDARD = "gnu++0x";
				CLANG_CXX_LIBRARY = "libc++";
				CLANG_ENABLE_MODULES = YES;
				CLANG_ENABLE_OBJC_ARC = YES;
				CLANG_WARN_BOOL_CONVERSION = YES;
				CLANG_WARN_CONSTANT_CONVERSION = YES;
				CLANG_WARN_DIRECT_OBJC_ISA_USAGE = YES_ERROR;
				CLANG_WARN_EMPTY_BODY = YES;
				CLANG_WARN_ENUM_CONVERSION = YES;
				CLANG_WARN_INT_CONVERSION = YES;
				CLANG_WARN_OBJC_ROOT_CLASS = YES_ERROR;
				CLANG_WARN_UNREACHABLE_CODE = YES;
				CLANG_WARN__DUPLICATE_METHOD_MATCH = YES;
				CODE_SIGN_IDENTITY = "-";
				COPY_PHASE_STRIP = NO;
				DEBUG_INFORMATION_FORMAT = dwarf;
				ENABLE_STRICT_OBJC_MSGSEND = YES;
				ENABLE_TESTABILITY = YES;
				GCC_C_LANGUAGE_STANDARD = gnu99;
				GCC_DYNAMIC_NO_PIC = NO;
				GCC_NO_COMMON_BLOCKS = YES;
				GCC_OPTIMIZATION_LEVEL = 0;
				GCC_PREPROCESSOR_DEFINITIONS = (
					"DEBUG=1",
					"$(inherited)",
				);
				GCC_WARN_64_TO_32_BIT_CONVERSION = YES;
				GCC_WARN_ABOUT_RETURN_TYPE = YES_ERROR;
				GCC_WARN_UNDECLARED_SELECTOR = YES;
				GCC_WARN_UNINITIALIZED_AUTOS = YES_AGGRESSIVE;
				GCC_WARN_UNUSED_FUNCTION = YES;
				GCC_WARN_UNUSED_VARIABLE = YES;
				MACOSX_DEPLOYMENT_TARGET = 10.9;
				MTL_ENABLE_DEBUG_INFO = YES;
				ONLY_ACTIVE_ARCH = YES;
				SDKROOT = macosx;
			};
			name = Debug;
		};
		B9AD99C01C771044008C29A4 /* Release */ = {
			isa = XCBuildConfiguration;
			buildSettings = {
				ALWAYS_SEARCH_USER_PATHS = NO;
				CLANG_CXX_LANGUAGE_STANDARD = "gnu++0x";
				CLANG_CXX_LIBRARY = "libc++";
				CLANG_ENABLE_MODULES = YES;
				CLANG_ENABLE_OBJC_ARC = YES;
				CLANG_WARN_BOOL_CONVERSION = YES;
				CLANG_WARN_CONSTANT_CONVERSION = YES;
				CLANG_WARN_DIRECT_OBJC_ISA_USAGE = YES_ERROR;
				CLANG_WARN_EMPTY_BODY = YES;
				CLANG_WARN_ENUM_CONVERSION = YES;
				CLANG_WARN_INT_CONVERSION = YES;
				CLANG_WARN_OBJC_ROOT_CLASS = YES_ERROR;
				CLANG_WARN_UNREACHABLE_CODE = YES;
				CLANG_WARN__DUPLICATE_METHOD_MATCH = YES;
				CODE_SIGN_IDENTITY = "-";
				COPY_PHASE_STRIP = NO;
				DEBUG_INFORMATION_FORMAT = "dwarf-with-dsym";
				ENABLE_NS_ASSERTIONS = NO;
				ENABLE_STRICT_OBJC_MSGSEND = YES;
				GCC_C_LANGUAGE_STANDARD = gnu99;
				GCC_NO_COMMON_BLOCKS = YES;
				GCC_WARN_64_TO_32_BIT_CONVERSION = YES;
				GCC_WARN_ABOUT_RETURN_TYPE = YES_ERROR;
				GCC_WARN_UNDECLARED_SELECTOR = YES;
				GCC_WARN_UNINITIALIZED_AUTOS = YES_AGGRESSIVE;
				GCC_WARN_UNUSED_FUNCTION = YES;
				GCC_WARN_UNUSED_VARIABLE = YES;
				MACOSX_DEPLOYMENT_TARGET = 10.9;
				MTL_ENABLE_DEBUG_INFO = NO;
				SDKROOT = macosx;
			};
			name = Release;
		};
		B9AD99C21C771044008C29A4 /* Debug */ = {
			isa = XCBuildConfiguration;
			buildSettings = {
				ASSETCATALOG_COMPILER_APPICON_NAME = AppIcon;
				COMBINE_HIDPI_IMAGES = YES;
				INFOPLIST_FILE = "Document-based2/Info.plist";
				LD_RUNPATH_SEARCH_PATHS = "$(inherited) @executable_path/../Frameworks";
				MACOSX_DEPLOYMENT_TARGET = 10.9;
				PRODUCT_BUNDLE_IDENTIFIER = "com.Sao.Document-based2";
				PRODUCT_NAME = "$(TARGET_NAME)";
			};
			name = Debug;
		};
		B9AD99C31C771044008C29A4 /* Release */ = {
			isa = XCBuildConfiguration;
			buildSettings = {
				ASSETCATALOG_COMPILER_APPICON_NAME = AppIcon;
				COMBINE_HIDPI_IMAGES = YES;
				INFOPLIST_FILE = "Document-based2/Info.plist";
				LD_RUNPATH_SEARCH_PATHS = "$(inherited) @executable_path/../Frameworks";
				MACOSX_DEPLOYMENT_TARGET = 10.9;
				PRODUCT_BUNDLE_IDENTIFIER = "com.Sao.Document-based2";
				PRODUCT_NAME = "$(TARGET_NAME)";
			};
			name = Release;
		};
/* End XCBuildConfiguration section */

/* Begin XCConfigurationList section */
		B9AD99A51C771043008C29A4 /* Build configuration list for PBXProject "Document-based2" */ = {
			isa = XCConfigurationList;
			buildConfigurations = (
				B9AD99BF1C771044008C29A4 /* Debug */,
				B9AD99C01C771044008C29A4 /* Release */,
			);
			defaultConfigurationIsVisible = 0;
			defaultConfigurationName = Release;
		};
		B9AD99C11C771044008C29A4 /* Build configuration list for PBXNativeTarget "Document-based2" */ = {
			isa = XCConfigurationList;
			buildConfigurations = (
				B9AD99C21C771044008C29A4 /* Debug */,
				B9AD99C31C771044008C29A4 /* Release */,
			);
			defaultConfigurationIsVisible = 0;
			defaultConfigurationName = Release;
		};
/* End XCConfigurationList section */
	};
	rootObject = B9AD99A21C771043008C29A4 /* Project object */;
}
